
Microsoft Visual Studio Solution File, Format Version 12.00
# Visual Studio Version 17
VisualStudioVersion = 17.3.32929.385
MinimumVisualStudioVersion = 10.0.40219.1
Project("{FAE04EC0-301F-11D3-BF4B-00C04F79EFBC}") = "Lab19", "Lab19\Lab19.csproj", "{0EFE01E9-425C-402A-8BC1-C87A30F18857}"
EndProject
Global
	GlobalSection(SolutionConfigurationPlatforms) = preSolution
		Debug|Any CPU = Debug|Any CPU
		Release|Any CPU = Release|Any CPU
	EndGlobalSection
	GlobalSection(ProjectConfigurationPlatforms) = postSolution
		{0EFE01E9-425C-402A-8BC1-C87A30F18857}.Debug|Any CPU.ActiveCfg = Debug|Any CPU
		{0EFE01E9-425C-402A-8BC1-C87A30F18857}.Debug|Any CPU.Build.0 = Debug|Any CPU
		{0EFE01E9-425C-402A-8BC1-C87A30F18857}.Release|Any CPU.ActiveCfg = Release|Any CPU
		{0EFE01E9-425C-402A-8BC1-C87A30F18857}.Release|Any CPU.Build.0 = Release|Any CPU
	EndGlobalSection
	GlobalSection(SolutionProperties) = preSolution
		HideSolutionNode = FALSE
	EndGlobalSection
	GlobalSection(ExtensibilityGlobals) = postSolution
		SolutionGuid = {EAF76FA5-57DA-4564-A526-6B50927D6EB9}
	EndGlobalSection
EndGlobal
